github.com/PChaparro/youtube-scraper v1.0.3 h1:dvjVpmRR9+v7Wj8VA3YJDImCXa23B7MOxjzJgNvV3Nc=
github.com/PChaparro/youtube-scraper v1.0.3/go.mod h1:xQBt4mNtQrtrWMmxNMfenYXCdO/Qo2EIn3gDjRdxQUA=
github.com/joho/godotenv v1.4.0 h1:3l4+N6zfMWnkbPEXKng2o2/MR5mSwTrBih4ZEkkz1lg=
github.com/joho/godotenv v1.4.0/go.mod h1:f4LDr5Voq0i2e/R5DDNOoa2zzDfwtkZa6DnEwAbqwq4=
